
Microsoft Visual Studio Solution File, Format Version 12.00
# Visual Studio Version 17
VisualStudioVersion = 17.5.33502.453
MinimumVisualStudioVersion = 10.0.40219.1
Project("{9A19103F-16F7-4668-BE54-9A1E7A4F7556}") = "Blazor-Tim1", "Blazor-Tim1\Blazor-Tim1.csproj", "{156BA07E-1F2C-419C-B392-C665C5D0E0B8}"
EndProject
Project("{9A19103F-16F7-4668-BE54-9A1E7A4F7556}") = "DataAccessLibrary", "DataAccessLibrary\DataAccessLibrary.csproj", "{8A5E499C-C72A-4004-BAE1-95EF9F5C5CCF}"
EndProject
Project("{FAE04EC0-301F-11D3-BF4B-00C04F79EFBC}") = "BlazorComponents", "BlazorComponents\BlazorComponents.csproj", "{8745CB10-EF7A-4386-AEA0-B11D34A8F831}"
EndProject
Global
	GlobalSection(SolutionConfigurationPlatforms) = preSolution
		Debug|Any CPU = Debug|Any CPU
		Release|Any CPU = Release|Any CPU
	EndGlobalSection
	GlobalSection(ProjectConfigurationPlatforms) = postSolution
		{156BA07E-1F2C-419C-B392-C665C5D0E0B8}.Debug|Any CPU.ActiveCfg = Debug|Any CPU
		{156BA07E-1F2C-419C-B392-C665C5D0E0B8}.Debug|Any CPU.Build.0 = Debug|Any CPU
		{156BA07E-1F2C-419C-B392-C665C5D0E0B8}.Release|Any CPU.ActiveCfg = Release|Any CPU
		{156BA07E-1F2C-419C-B392-C665C5D0E0B8}.Release|Any CPU.Build.0 = Release|Any CPU
		{8A5E499C-C72A-4004-BAE1-95EF9F5C5CCF}.Debug|Any CPU.ActiveCfg = Debug|Any CPU
		{8A5E499C-C72A-4004-BAE1-95EF9F5C5CCF}.Debug|Any CPU.Build.0 = Debug|Any CPU
		{8A5E499C-C72A-4004-BAE1-95EF9F5C5CCF}.Release|Any CPU.ActiveCfg = Release|Any CPU
		{8A5E499C-C72A-4004-BAE1-95EF9F5C5CCF}.Release|Any CPU.Build.0 = Release|Any CPU
		{8745CB10-EF7A-4386-AEA0-B11D34A8F831}.Debug|Any CPU.ActiveCfg = Debug|Any CPU
		{8745CB10-EF7A-4386-AEA0-B11D34A8F831}.Debug|Any CPU.Build.0 = Debug|Any CPU
		{8745CB10-EF7A-4386-AEA0-B11D34A8F831}.Release|Any CPU.ActiveCfg = Release|Any CPU
		{8745CB10-EF7A-4386-AEA0-B11D34A8F831}.Release|Any CPU.Build.0 = Release|Any CPU
	EndGlobalSection
	GlobalSection(SolutionProperties) = preSolution
		HideSolutionNode = FALSE
	EndGlobalSection
	GlobalSection(ExtensibilityGlobals) = postSolution
		SolutionGuid = {97DEED8B-CE65-442F-A5D2-617A51A1D698}
	EndGlobalSection
EndGlobal
